
Microsoft Visual Studio Solution File, Format Version 12.00
# Visual Studio Version 17
VisualStudioVersion = 17.0.31903.59
MinimumVisualStudioVersion = 10.0.40219.1
Project("{2150E333-8FDC-42A3-9474-1A3956D46DE8}") = "src", "src", "{7B5CC006-8FA3-4EFE-8F6E-555D9D9D754F}"
EndProject
Project("{FAE04EC0-301F-11D3-BF4B-00C04F79EFBC}") = "LivrariaCDC.WebAPI", "src\LivrariaCDC.WebAPI\LivrariaCDC.WebAPI.csproj", "{88D1783C-84EE-45C1-B4E4-0847AF59E4A4}"
EndProject
Global
	GlobalSection(SolutionConfigurationPlatforms) = preSolution
		Debug|Any CPU = Debug|Any CPU
		Release|Any CPU = Release|Any CPU
	EndGlobalSection
	GlobalSection(ProjectConfigurationPlatforms) = postSolution
		{88D1783C-84EE-45C1-B4E4-0847AF59E4A4}.Debug|Any CPU.ActiveCfg = Debug|Any CPU
		{88D1783C-84EE-45C1-B4E4-0847AF59E4A4}.Debug|Any CPU.Build.0 = Debug|Any CPU
		{88D1783C-84EE-45C1-B4E4-0847AF59E4A4}.Release|Any CPU.ActiveCfg = Release|Any CPU
		{88D1783C-84EE-45C1-B4E4-0847AF59E4A4}.Release|Any CPU.Build.0 = Release|Any CPU
	EndGlobalSection
	GlobalSection(SolutionProperties) = preSolution
		HideSolutionNode = FALSE
	EndGlobalSection
	GlobalSection(NestedProjects) = preSolution
		{88D1783C-84EE-45C1-B4E4-0847AF59E4A4} = {7B5CC006-8FA3-4EFE-8F6E-555D9D9D754F}
	EndGlobalSection
	GlobalSection(ExtensibilityGlobals) = postSolution
		SolutionGuid = {A1C48355-412A-4438-84EE-353FF0A399D6}
	EndGlobalSection
EndGlobal
